
Microsoft Visual Studio Solution File, Format Version 12.00
# Visual Studio Version 16
VisualStudioVersion = 16.0.30804.86
MinimumVisualStudioVersion = 10.0.40219.1
Project("{FAE04EC0-301F-11D3-BF4B-00C04F79EFBC}") = "addressbook-web-tests", "addressbook-web-tests\addressbook-web-tests.csproj", "{780A85B5-65DB-4ECA-9378-BFFDC6C3CEEF}"
EndProject
Global
	GlobalSection(SolutionConfigurationPlatforms) = preSolution
		Debug|Any CPU = Debug|Any CPU
		Release|Any CPU = Release|Any CPU
	EndGlobalSection
	GlobalSection(ProjectConfigurationPlatforms) = postSolution
		{780A85B5-65DB-4ECA-9378-BFFDC6C3CEEF}.Debug|Any CPU.ActiveCfg = Debug|Any CPU
		{780A85B5-65DB-4ECA-9378-BFFDC6C3CEEF}.Debug|Any CPU.Build.0 = Debug|Any CPU
		{780A85B5-65DB-4ECA-9378-BFFDC6C3CEEF}.Release|Any CPU.ActiveCfg = Release|Any CPU
		{780A85B5-65DB-4ECA-9378-BFFDC6C3CEEF}.Release|Any CPU.Build.0 = Release|Any CPU
	EndGlobalSection
	GlobalSection(SolutionProperties) = preSolution
		HideSolutionNode = FALSE
	EndGlobalSection
	GlobalSection(ExtensibilityGlobals) = postSolution
		SolutionGuid = {3FE8A61E-FE16-4D64-982F-FD1892E321A1}
	EndGlobalSection
EndGlobal
